
Microsoft Visual Studio Solution File, Format Version 12.00
# Visual Studio Version 16
VisualStudioVersion = 16.0.32126.315
MinimumVisualStudioVersion = 10.0.40219.1
Project("{FAE04EC0-301F-11D3-BF4B-00C04F79EFBC}") = "UniversalUtilities", "UniversalUtilities\UniversalUtilities.csproj", "{5DD938B7-58B4-4F81-A531-5F20EAAF8904}"
EndProject
Global
	GlobalSection(SolutionConfigurationPlatforms) = preSolution
		Debug|Any CPU = Debug|Any CPU
		Release|Any CPU = Release|Any CPU
	EndGlobalSection
	GlobalSection(ProjectConfigurationPlatforms) = postSolution
		{5DD938B7-58B4-4F81-A531-5F20EAAF8904}.Debug|Any CPU.ActiveCfg = Debug|Any CPU
		{5DD938B7-58B4-4F81-A531-5F20EAAF8904}.Debug|Any CPU.Build.0 = Debug|Any CPU
		{5DD938B7-58B4-4F81-A531-5F20EAAF8904}.Release|Any CPU.ActiveCfg = Release|Any CPU
		{5DD938B7-58B4-4F81-A531-5F20EAAF8904}.Release|Any CPU.Build.0 = Release|Any CPU
	EndGlobalSection
	GlobalSection(SolutionProperties) = preSolution
		HideSolutionNode = FALSE
	EndGlobalSection
	GlobalSection(ExtensibilityGlobals) = postSolution
		SolutionGuid = {9F008BCE-6CB0-4C44-A978-EC58925F47AE}
	EndGlobalSection
EndGlobal
